
Microsoft Visual Studio Solution File, Format Version 12.00
# Visual Studio Version 17
VisualStudioVersion = 17.7.34024.191
MinimumVisualStudioVersion = 10.0.40219.1
Project("{9A19103F-16F7-4668-BE54-9A1E7A4F7556}") = "NarrativeCharts", "src\NarrativeCharts\NarrativeCharts.csproj", "{13908C1D-BA8B-4D29-AEB0-BAF401EDF615}"
EndProject
Project("{9A19103F-16F7-4668-BE54-9A1E7A4F7556}") = "NarrativeCharts.Bookworm", "src\Samples\NarrativeCharts.Bookworm\NarrativeCharts.Bookworm.csproj", "{683BA082-84B0-48A8-9DD3-411835270F05}"
EndProject
Project("{9A19103F-16F7-4668-BE54-9A1E7A4F7556}") = "NarrativeCharts.Plot", "src\NarrativeCharts.Plot\NarrativeCharts.Plot.csproj", "{5D894EE9-1195-4020-8DD6-BA5FED8C1542}"
EndProject
Project("{2150E333-8FDC-42A3-9474-1A3956D46DE8}") = "Solution Items", "Solution Items", "{015136BB-5A88-447C-A3E1-0A8755271554}"
	ProjectSection(SolutionItems) = preProject
		.editorconfig = .editorconfig
	EndProjectSection
EndProject
Project("{9A19103F-16F7-4668-BE54-9A1E7A4F7556}") = "NarrativeCharts.Skia", "src\NarrativeCharts.Skia\NarrativeCharts.Skia.csproj", "{0EF44B4C-496B-41B6-9C09-0467264D0C9C}"
EndProject
Project("{2150E333-8FDC-42A3-9474-1A3956D46DE8}") = "Samples", "Samples", "{4F362A65-EA80-402E-937B-7515C97E9F17}"
EndProject
Project("{2150E333-8FDC-42A3-9474-1A3956D46DE8}") = "Tests", "Tests", "{47BFC64C-BD10-4028-A735-DEDB8471730B}"
EndProject
Project("{FAE04EC0-301F-11D3-BF4B-00C04F79EFBC}") = "NarrativeCharts.Tests", "tests\NarrativeCharts.Tests\NarrativeCharts.Tests.csproj", "{A0812769-E99D-4516-9AE2-BD2EA578D852}"
EndProject
Global
	GlobalSection(SolutionConfigurationPlatforms) = preSolution
		Debug|Any CPU = Debug|Any CPU
		Release|Any CPU = Release|Any CPU
	EndGlobalSection
	GlobalSection(ProjectConfigurationPlatforms) = postSolution
		{13908C1D-BA8B-4D29-AEB0-BAF401EDF615}.Debug|Any CPU.ActiveCfg = Debug|Any CPU
		{13908C1D-BA8B-4D29-AEB0-BAF401EDF615}.Debug|Any CPU.Build.0 = Debug|Any CPU
		{13908C1D-BA8B-4D29-AEB0-BAF401EDF615}.Release|Any CPU.ActiveCfg = Release|Any CPU
		{13908C1D-BA8B-4D29-AEB0-BAF401EDF615}.Release|Any CPU.Build.0 = Release|Any CPU
		{683BA082-84B0-48A8-9DD3-411835270F05}.Debug|Any CPU.ActiveCfg = Debug|Any CPU
		{683BA082-84B0-48A8-9DD3-411835270F05}.Debug|Any CPU.Build.0 = Debug|Any CPU
		{683BA082-84B0-48A8-9DD3-411835270F05}.Release|Any CPU.ActiveCfg = Release|Any CPU
		{683BA082-84B0-48A8-9DD3-411835270F05}.Release|Any CPU.Build.0 = Release|Any CPU
		{5D894EE9-1195-4020-8DD6-BA5FED8C1542}.Debug|Any CPU.ActiveCfg = Debug|Any CPU
		{5D894EE9-1195-4020-8DD6-BA5FED8C1542}.Debug|Any CPU.Build.0 = Debug|Any CPU
		{5D894EE9-1195-4020-8DD6-BA5FED8C1542}.Release|Any CPU.ActiveCfg = Release|Any CPU
		{5D894EE9-1195-4020-8DD6-BA5FED8C1542}.Release|Any CPU.Build.0 = Release|Any CPU
		{0EF44B4C-496B-41B6-9C09-0467264D0C9C}.Debug|Any CPU.ActiveCfg = Debug|Any CPU
		{0EF44B4C-496B-41B6-9C09-0467264D0C9C}.Debug|Any CPU.Build.0 = Debug|Any CPU
		{0EF44B4C-496B-41B6-9C09-0467264D0C9C}.Release|Any CPU.ActiveCfg = Release|Any CPU
		{0EF44B4C-496B-41B6-9C09-0467264D0C9C}.Release|Any CPU.Build.0 = Release|Any CPU
		{A0812769-E99D-4516-9AE2-BD2EA578D852}.Debug|Any CPU.ActiveCfg = Debug|Any CPU
		{A0812769-E99D-4516-9AE2-BD2EA578D852}.Debug|Any CPU.Build.0 = Debug|Any CPU
		{A0812769-E99D-4516-9AE2-BD2EA578D852}.Release|Any CPU.ActiveCfg = Release|Any CPU
		{A0812769-E99D-4516-9AE2-BD2EA578D852}.Release|Any CPU.Build.0 = Release|Any CPU
	EndGlobalSection
	GlobalSection(SolutionProperties) = preSolution
		HideSolutionNode = FALSE
	EndGlobalSection
	GlobalSection(NestedProjects) = preSolution
		{683BA082-84B0-48A8-9DD3-411835270F05} = {4F362A65-EA80-402E-937B-7515C97E9F17}
		{A0812769-E99D-4516-9AE2-BD2EA578D852} = {47BFC64C-BD10-4028-A735-DEDB8471730B}
	EndGlobalSection
	GlobalSection(ExtensibilityGlobals) = postSolution
		SolutionGuid = {16B4C0A3-EB33-46B5-9A8F-A4A19857B026}
	EndGlobalSection
EndGlobal
